
Microsoft Visual Studio Solution File, Format Version 12.00
# Visual Studio Version 17
VisualStudioVersion = 17.10.34928.147
MinimumVisualStudioVersion = 10.0.40219.1
Project("{FAE04EC0-301F-11D3-BF4B-00C04F79EFBC}") = "Chat4", "Chat4\Chat4.csproj", "{7AD53257-16DC-4B17-80F8-DA58F5828AC9}"
EndProject
Project("{FAE04EC0-301F-11D3-BF4B-00C04F79EFBC}") = "Client", "Client\Client.csproj", "{D3955184-447E-4756-A53F-7F66307DD833}"
EndProject
Global
	GlobalSection(SolutionConfigurationPlatforms) = preSolution
		Debug|Any CPU = Debug|Any CPU
		Release|Any CPU = Release|Any CPU
	EndGlobalSection
	GlobalSection(ProjectConfigurationPlatforms) = postSolution
		{7AD53257-16DC-4B17-80F8-DA58F5828AC9}.Debug|Any CPU.ActiveCfg = Debug|Any CPU
		{7AD53257-16DC-4B17-80F8-DA58F5828AC9}.Debug|Any CPU.Build.0 = Debug|Any CPU
		{7AD53257-16DC-4B17-80F8-DA58F5828AC9}.Release|Any CPU.ActiveCfg = Release|Any CPU
		{7AD53257-16DC-4B17-80F8-DA58F5828AC9}.Release|Any CPU.Build.0 = Release|Any CPU
		{D3955184-447E-4756-A53F-7F66307DD833}.Debug|Any CPU.ActiveCfg = Debug|Any CPU
		{D3955184-447E-4756-A53F-7F66307DD833}.Debug|Any CPU.Build.0 = Debug|Any CPU
		{D3955184-447E-4756-A53F-7F66307DD833}.Release|Any CPU.ActiveCfg = Release|Any CPU
		{D3955184-447E-4756-A53F-7F66307DD833}.Release|Any CPU.Build.0 = Release|Any CPU
	EndGlobalSection
	GlobalSection(SolutionProperties) = preSolution
		HideSolutionNode = FALSE
	EndGlobalSection
	GlobalSection(ExtensibilityGlobals) = postSolution
		SolutionGuid = {C72C17AF-9AAB-44E8-A7A1-3F77222F6CF6}
	EndGlobalSection
EndGlobal
